
Microsoft Visual Studio Solution File, Format Version 12.00
# Visual Studio Version 17
VisualStudioVersion = 17.0.31903.59
MinimumVisualStudioVersion = 10.0.40219.1
Project("{2150E333-8FDC-42A3-9474-1A3956D46DE8}") = "src", "src", "{827E0CD3-B72D-47B6-A68D-7590B98EB39B}"
EndProject
Project("{2150E333-8FDC-42A3-9474-1A3956D46DE8}") = "order", "order", "{8F24DB20-97A3-5C9A-FC1B-8CEA0608774B}"
EndProject
Project("{FAE04EC0-301F-11D3-BF4B-00C04F79EFBC}") = "Order.Projection", "src\order\Order.Projection\Order.Projection.csproj", "{7A3F7B9F-852F-4726-95F3-320BB135CA1E}"
EndProject
Project("{FAE04EC0-301F-11D3-BF4B-00C04F79EFBC}") = "Order.OutboxPublisher", "src\order\Order.OutboxPublisher\Order.OutboxPublisher.csproj", "{FC085D22-BD27-4F6D-AED2-2463C992598D}"
EndProject
Project("{FAE04EC0-301F-11D3-BF4B-00C04F79EFBC}") = "Order.Api", "src\order\Order.Api\Order.Api.csproj", "{599C94E8-4E60-44C9-8B30-5C2DD3AC7B46}"
EndProject
Project("{2150E333-8FDC-42A3-9474-1A3956D46DE8}") = "pfm", "pfm", "{54A7DF03-7057-FDE0-568E-4BB27DCB4AA0}"
EndProject
Project("{FAE04EC0-301F-11D3-BF4B-00C04F79EFBC}") = "Pfm.Projection", "src\pfm\Pfm.Projection\Pfm.Projection.csproj", "{D6AEED53-E4DA-4339-B7CA-F3C29BAB40A1}"
EndProject
Project("{FAE04EC0-301F-11D3-BF4B-00C04F79EFBC}") = "Pfm.Categorizer", "src\pfm\Pfm.Categorizer\Pfm.Categorizer.csproj", "{58CE5654-0F01-460A-A90D-FBFF51AAF206}"
EndProject
Project("{FAE04EC0-301F-11D3-BF4B-00C04F79EFBC}") = "Pfm.Ingest", "src\pfm\Pfm.Ingest\Pfm.Ingest.csproj", "{8D4F117E-B162-4467-A80D-72F25AAFC474}"
EndProject
Project("{2150E333-8FDC-42A3-9474-1A3956D46DE8}") = "bff", "bff", "{B5512AA7-7B9B-1802-74DB-5DED17EB80F5}"
EndProject
Project("{FAE04EC0-301F-11D3-BF4B-00C04F79EFBC}") = "Gateway.GraphQL", "src\bff\Gateway.GraphQL\Gateway.GraphQL.csproj", "{DF8B601F-7DB1-471F-98B0-B8D892E71CEE}"
EndProject
Project("{2150E333-8FDC-42A3-9474-1A3956D46DE8}") = "ticketing", "ticketing", "{EE8B2D90-EC7A-48E2-105A-D867B637D563}"
EndProject
Project("{FAE04EC0-301F-11D3-BF4B-00C04F79EFBC}") = "Ticketing.Saga", "src\ticketing\Ticketing.Saga\Ticketing.Saga.csproj", "{4BB2D7D1-1E75-4118-963A-6F24388B598F}"
EndProject
Project("{FAE04EC0-301F-11D3-BF4B-00C04F79EFBC}") = "Ticketing.Api", "src\ticketing\Ticketing.Api\Ticketing.Api.csproj", "{C743754F-E73F-4460-BE79-E5CDD2439D3E}"
EndProject
Project("{FAE04EC0-301F-11D3-BF4B-00C04F79EFBC}") = "Ticketing.Projection", "src\ticketing\Ticketing.Projection\Ticketing.Projection.csproj", "{DBFE53E2-B902-4758-82F4-E566D9FE12D2}"
EndProject
Project("{2150E333-8FDC-42A3-9474-1A3956D46DE8}") = "building-blocks", "building-blocks", "{C13E73B6-616D-3195-CD22-1E55A7D1F969}"
EndProject
Project("{FAE04EC0-301F-11D3-BF4B-00C04F79EFBC}") = "Persistence.Outbox", "src\building-blocks\Persistence.Outbox\Persistence.Outbox.csproj", "{575EA51A-0368-4729-8D88-464F2A90A120}"
EndProject
Project("{FAE04EC0-301F-11D3-BF4B-00C04F79EFBC}") = "Messaging.Kafka", "src\building-blocks\Messaging.Kafka\Messaging.Kafka.csproj", "{6B09E789-1F16-4173-9316-378B462C8CF5}"
EndProject
Global
	GlobalSection(SolutionConfigurationPlatforms) = preSolution
		Debug|Any CPU = Debug|Any CPU
		Debug|x64 = Debug|x64
		Debug|x86 = Debug|x86
		Release|Any CPU = Release|Any CPU
		Release|x64 = Release|x64
		Release|x86 = Release|x86
	EndGlobalSection
	GlobalSection(ProjectConfigurationPlatforms) = postSolution
		{7A3F7B9F-852F-4726-95F3-320BB135CA1E}.Debug|Any CPU.ActiveCfg = Debug|Any CPU
		{7A3F7B9F-852F-4726-95F3-320BB135CA1E}.Debug|Any CPU.Build.0 = Debug|Any CPU
		{7A3F7B9F-852F-4726-95F3-320BB135CA1E}.Debug|x64.ActiveCfg = Debug|Any CPU
		{7A3F7B9F-852F-4726-95F3-320BB135CA1E}.Debug|x64.Build.0 = Debug|Any CPU
		{7A3F7B9F-852F-4726-95F3-320BB135CA1E}.Debug|x86.ActiveCfg = Debug|Any CPU
		{7A3F7B9F-852F-4726-95F3-320BB135CA1E}.Debug|x86.Build.0 = Debug|Any CPU
		{7A3F7B9F-852F-4726-95F3-320BB135CA1E}.Release|Any CPU.ActiveCfg = Release|Any CPU
		{7A3F7B9F-852F-4726-95F3-320BB135CA1E}.Release|Any CPU.Build.0 = Release|Any CPU
		{7A3F7B9F-852F-4726-95F3-320BB135CA1E}.Release|x64.ActiveCfg = Release|Any CPU
		{7A3F7B9F-852F-4726-95F3-320BB135CA1E}.Release|x64.Build.0 = Release|Any CPU
		{7A3F7B9F-852F-4726-95F3-320BB135CA1E}.Release|x86.ActiveCfg = Release|Any CPU
		{7A3F7B9F-852F-4726-95F3-320BB135CA1E}.Release|x86.Build.0 = Release|Any CPU
		{FC085D22-BD27-4F6D-AED2-2463C992598D}.Debug|Any CPU.ActiveCfg = Debug|Any CPU
		{FC085D22-BD27-4F6D-AED2-2463C992598D}.Debug|Any CPU.Build.0 = Debug|Any CPU
		{FC085D22-BD27-4F6D-AED2-2463C992598D}.Debug|x64.ActiveCfg = Debug|Any CPU
		{FC085D22-BD27-4F6D-AED2-2463C992598D}.Debug|x64.Build.0 = Debug|Any CPU
		{FC085D22-BD27-4F6D-AED2-2463C992598D}.Debug|x86.ActiveCfg = Debug|Any CPU
		{FC085D22-BD27-4F6D-AED2-2463C992598D}.Debug|x86.Build.0 = Debug|Any CPU
		{FC085D22-BD27-4F6D-AED2-2463C992598D}.Release|Any CPU.ActiveCfg = Release|Any CPU
		{FC085D22-BD27-4F6D-AED2-2463C992598D}.Release|Any CPU.Build.0 = Release|Any CPU
		{FC085D22-BD27-4F6D-AED2-2463C992598D}.Release|x64.ActiveCfg = Release|Any CPU
		{FC085D22-BD27-4F6D-AED2-2463C992598D}.Release|x64.Build.0 = Release|Any CPU
		{FC085D22-BD27-4F6D-AED2-2463C992598D}.Release|x86.ActiveCfg = Release|Any CPU
		{FC085D22-BD27-4F6D-AED2-2463C992598D}.Release|x86.Build.0 = Release|Any CPU
		{599C94E8-4E60-44C9-8B30-5C2DD3AC7B46}.Debug|Any CPU.ActiveCfg = Debug|Any CPU
		{599C94E8-4E60-44C9-8B30-5C2DD3AC7B46}.Debug|Any CPU.Build.0 = Debug|Any CPU
		{599C94E8-4E60-44C9-8B30-5C2DD3AC7B46}.Debug|x64.ActiveCfg = Debug|Any CPU
		{599C94E8-4E60-44C9-8B30-5C2DD3AC7B46}.Debug|x64.Build.0 = Debug|Any CPU
		{599C94E8-4E60-44C9-8B30-5C2DD3AC7B46}.Debug|x86.ActiveCfg = Debug|Any CPU
		{599C94E8-4E60-44C9-8B30-5C2DD3AC7B46}.Debug|x86.Build.0 = Debug|Any CPU
		{599C94E8-4E60-44C9-8B30-5C2DD3AC7B46}.Release|Any CPU.ActiveCfg = Release|Any CPU
		{599C94E8-4E60-44C9-8B30-5C2DD3AC7B46}.Release|Any CPU.Build.0 = Release|Any CPU
		{599C94E8-4E60-44C9-8B30-5C2DD3AC7B46}.Release|x64.ActiveCfg = Release|Any CPU
		{599C94E8-4E60-44C9-8B30-5C2DD3AC7B46}.Release|x64.Build.0 = Release|Any CPU
		{599C94E8-4E60-44C9-8B30-5C2DD3AC7B46}.Release|x86.ActiveCfg = Release|Any CPU
		{599C94E8-4E60-44C9-8B30-5C2DD3AC7B46}.Release|x86.Build.0 = Release|Any CPU
		{D6AEED53-E4DA-4339-B7CA-F3C29BAB40A1}.Debug|Any CPU.ActiveCfg = Debug|Any CPU
		{D6AEED53-E4DA-4339-B7CA-F3C29BAB40A1}.Debug|Any CPU.Build.0 = Debug|Any CPU
		{D6AEED53-E4DA-4339-B7CA-F3C29BAB40A1}.Debug|x64.ActiveCfg = Debug|Any CPU
		{D6AEED53-E4DA-4339-B7CA-F3C29BAB40A1}.Debug|x64.Build.0 = Debug|Any CPU
		{D6AEED53-E4DA-4339-B7CA-F3C29BAB40A1}.Debug|x86.ActiveCfg = Debug|Any CPU
		{D6AEED53-E4DA-4339-B7CA-F3C29BAB40A1}.Debug|x86.Build.0 = Debug|Any CPU
		{D6AEED53-E4DA-4339-B7CA-F3C29BAB40A1}.Release|Any CPU.ActiveCfg = Release|Any CPU
		{D6AEED53-E4DA-4339-B7CA-F3C29BAB40A1}.Release|Any CPU.Build.0 = Release|Any CPU
		{D6AEED53-E4DA-4339-B7CA-F3C29BAB40A1}.Release|x64.ActiveCfg = Release|Any CPU
		{D6AEED53-E4DA-4339-B7CA-F3C29BAB40A1}.Release|x64.Build.0 = Release|Any CPU
		{D6AEED53-E4DA-4339-B7CA-F3C29BAB40A1}.Release|x86.ActiveCfg = Release|Any CPU
		{D6AEED53-E4DA-4339-B7CA-F3C29BAB40A1}.Release|x86.Build.0 = Release|Any CPU
		{58CE5654-0F01-460A-A90D-FBFF51AAF206}.Debug|Any CPU.ActiveCfg = Debug|Any CPU
		{58CE5654-0F01-460A-A90D-FBFF51AAF206}.Debug|Any CPU.Build.0 = Debug|Any CPU
		{58CE5654-0F01-460A-A90D-FBFF51AAF206}.Debug|x64.ActiveCfg = Debug|Any CPU
		{58CE5654-0F01-460A-A90D-FBFF51AAF206}.Debug|x64.Build.0 = Debug|Any CPU
		{58CE5654-0F01-460A-A90D-FBFF51AAF206}.Debug|x86.ActiveCfg = Debug|Any CPU
		{58CE5654-0F01-460A-A90D-FBFF51AAF206}.Debug|x86.Build.0 = Debug|Any CPU
		{58CE5654-0F01-460A-A90D-FBFF51AAF206}.Release|Any CPU.ActiveCfg = Release|Any CPU
		{58CE5654-0F01-460A-A90D-FBFF51AAF206}.Release|Any CPU.Build.0 = Release|Any CPU
		{58CE5654-0F01-460A-A90D-FBFF51AAF206}.Release|x64.ActiveCfg = Release|Any CPU
		{58CE5654-0F01-460A-A90D-FBFF51AAF206}.Release|x64.Build.0 = Release|Any CPU
		{58CE5654-0F01-460A-A90D-FBFF51AAF206}.Release|x86.ActiveCfg = Release|Any CPU
		{58CE5654-0F01-460A-A90D-FBFF51AAF206}.Release|x86.Build.0 = Release|Any CPU
		{8D4F117E-B162-4467-A80D-72F25AAFC474}.Debug|Any CPU.ActiveCfg = Debug|Any CPU
		{8D4F117E-B162-4467-A80D-72F25AAFC474}.Debug|Any CPU.Build.0 = Debug|Any CPU
		{8D4F117E-B162-4467-A80D-72F25AAFC474}.Debug|x64.ActiveCfg = Debug|Any CPU
		{8D4F117E-B162-4467-A80D-72F25AAFC474}.Debug|x64.Build.0 = Debug|Any CPU
		{8D4F117E-B162-4467-A80D-72F25AAFC474}.Debug|x86.ActiveCfg = Debug|Any CPU
		{8D4F117E-B162-4467-A80D-72F25AAFC474}.Debug|x86.Build.0 = Debug|Any CPU
		{8D4F117E-B162-4467-A80D-72F25AAFC474}.Release|Any CPU.ActiveCfg = Release|Any CPU
		{8D4F117E-B162-4467-A80D-72F25AAFC474}.Release|Any CPU.Build.0 = Release|Any CPU
		{8D4F117E-B162-4467-A80D-72F25AAFC474}.Release|x64.ActiveCfg = Release|Any CPU
		{8D4F117E-B162-4467-A80D-72F25AAFC474}.Release|x64.Build.0 = Release|Any CPU
		{8D4F117E-B162-4467-A80D-72F25AAFC474}.Release|x86.ActiveCfg = Release|Any CPU
		{8D4F117E-B162-4467-A80D-72F25AAFC474}.Release|x86.Build.0 = Release|Any CPU
		{DF8B601F-7DB1-471F-98B0-B8D892E71CEE}.Debug|Any CPU.ActiveCfg = Debug|Any CPU
		{DF8B601F-7DB1-471F-98B0-B8D892E71CEE}.Debug|Any CPU.Build.0 = Debug|Any CPU
		{DF8B601F-7DB1-471F-98B0-B8D892E71CEE}.Debug|x64.ActiveCfg = Debug|Any CPU
		{DF8B601F-7DB1-471F-98B0-B8D892E71CEE}.Debug|x64.Build.0 = Debug|Any CPU
		{DF8B601F-7DB1-471F-98B0-B8D892E71CEE}.Debug|x86.ActiveCfg = Debug|Any CPU
		{DF8B601F-7DB1-471F-98B0-B8D892E71CEE}.Debug|x86.Build.0 = Debug|Any CPU
		{DF8B601F-7DB1-471F-98B0-B8D892E71CEE}.Release|Any CPU.ActiveCfg = Release|Any CPU
		{DF8B601F-7DB1-471F-98B0-B8D892E71CEE}.Release|Any CPU.Build.0 = Release|Any CPU
		{DF8B601F-7DB1-471F-98B0-B8D892E71CEE}.Release|x64.ActiveCfg = Release|Any CPU
		{DF8B601F-7DB1-471F-98B0-B8D892E71CEE}.Release|x64.Build.0 = Release|Any CPU
		{DF8B601F-7DB1-471F-98B0-B8D892E71CEE}.Release|x86.ActiveCfg = Release|Any CPU
		{DF8B601F-7DB1-471F-98B0-B8D892E71CEE}.Release|x86.Build.0 = Release|Any CPU
		{4BB2D7D1-1E75-4118-963A-6F24388B598F}.Debug|Any CPU.ActiveCfg = Debug|Any CPU
		{4BB2D7D1-1E75-4118-963A-6F24388B598F}.Debug|Any CPU.Build.0 = Debug|Any CPU
		{4BB2D7D1-1E75-4118-963A-6F24388B598F}.Debug|x64.ActiveCfg = Debug|Any CPU
		{4BB2D7D1-1E75-4118-963A-6F24388B598F}.Debug|x64.Build.0 = Debug|Any CPU
		{4BB2D7D1-1E75-4118-963A-6F24388B598F}.Debug|x86.ActiveCfg = Debug|Any CPU
		{4BB2D7D1-1E75-4118-963A-6F24388B598F}.Debug|x86.Build.0 = Debug|Any CPU
		{4BB2D7D1-1E75-4118-963A-6F24388B598F}.Release|Any CPU.ActiveCfg = Release|Any CPU
		{4BB2D7D1-1E75-4118-963A-6F24388B598F}.Release|Any CPU.Build.0 = Release|Any CPU
		{4BB2D7D1-1E75-4118-963A-6F24388B598F}.Release|x64.ActiveCfg = Release|Any CPU
		{4BB2D7D1-1E75-4118-963A-6F24388B598F}.Release|x64.Build.0 = Release|Any CPU
		{4BB2D7D1-1E75-4118-963A-6F24388B598F}.Release|x86.ActiveCfg = Release|Any CPU
		{4BB2D7D1-1E75-4118-963A-6F24388B598F}.Release|x86.Build.0 = Release|Any CPU
		{C743754F-E73F-4460-BE79-E5CDD2439D3E}.Debug|Any CPU.ActiveCfg = Debug|Any CPU
		{C743754F-E73F-4460-BE79-E5CDD2439D3E}.Debug|Any CPU.Build.0 = Debug|Any CPU
		{C743754F-E73F-4460-BE79-E5CDD2439D3E}.Debug|x64.ActiveCfg = Debug|Any CPU
		{C743754F-E73F-4460-BE79-E5CDD2439D3E}.Debug|x64.Build.0 = Debug|Any CPU
		{C743754F-E73F-4460-BE79-E5CDD2439D3E}.Debug|x86.ActiveCfg = Debug|Any CPU
		{C743754F-E73F-4460-BE79-E5CDD2439D3E}.Debug|x86.Build.0 = Debug|Any CPU
		{C743754F-E73F-4460-BE79-E5CDD2439D3E}.Release|Any CPU.ActiveCfg = Release|Any CPU
		{C743754F-E73F-4460-BE79-E5CDD2439D3E}.Release|Any CPU.Build.0 = Release|Any CPU
		{C743754F-E73F-4460-BE79-E5CDD2439D3E}.Release|x64.ActiveCfg = Release|Any CPU
		{C743754F-E73F-4460-BE79-E5CDD2439D3E}.Release|x64.Build.0 = Release|Any CPU
		{C743754F-E73F-4460-BE79-E5CDD2439D3E}.Release|x86.ActiveCfg = Release|Any CPU
		{C743754F-E73F-4460-BE79-E5CDD2439D3E}.Release|x86.Build.0 = Release|Any CPU
		{DBFE53E2-B902-4758-82F4-E566D9FE12D2}.Debug|Any CPU.ActiveCfg = Debug|Any CPU
		{DBFE53E2-B902-4758-82F4-E566D9FE12D2}.Debug|Any CPU.Build.0 = Debug|Any CPU
		{DBFE53E2-B902-4758-82F4-E566D9FE12D2}.Debug|x64.ActiveCfg = Debug|Any CPU
		{DBFE53E2-B902-4758-82F4-E566D9FE12D2}.Debug|x64.Build.0 = Debug|Any CPU
		{DBFE53E2-B902-4758-82F4-E566D9FE12D2}.Debug|x86.ActiveCfg = Debug|Any CPU
		{DBFE53E2-B902-4758-82F4-E566D9FE12D2}.Debug|x86.Build.0 = Debug|Any CPU
		{DBFE53E2-B902-4758-82F4-E566D9FE12D2}.Release|Any CPU.ActiveCfg = Release|Any CPU
		{DBFE53E2-B902-4758-82F4-E566D9FE12D2}.Release|Any CPU.Build.0 = Release|Any CPU
		{DBFE53E2-B902-4758-82F4-E566D9FE12D2}.Release|x64.ActiveCfg = Release|Any CPU
		{DBFE53E2-B902-4758-82F4-E566D9FE12D2}.Release|x64.Build.0 = Release|Any CPU
		{DBFE53E2-B902-4758-82F4-E566D9FE12D2}.Release|x86.ActiveCfg = Release|Any CPU
		{DBFE53E2-B902-4758-82F4-E566D9FE12D2}.Release|x86.Build.0 = Release|Any CPU
		{575EA51A-0368-4729-8D88-464F2A90A120}.Debug|Any CPU.ActiveCfg = Debug|Any CPU
		{575EA51A-0368-4729-8D88-464F2A90A120}.Debug|Any CPU.Build.0 = Debug|Any CPU
		{575EA51A-0368-4729-8D88-464F2A90A120}.Debug|x64.ActiveCfg = Debug|Any CPU
		{575EA51A-0368-4729-8D88-464F2A90A120}.Debug|x64.Build.0 = Debug|Any CPU
		{575EA51A-0368-4729-8D88-464F2A90A120}.Debug|x86.ActiveCfg = Debug|Any CPU
		{575EA51A-0368-4729-8D88-464F2A90A120}.Debug|x86.Build.0 = Debug|Any CPU
		{575EA51A-0368-4729-8D88-464F2A90A120}.Release|Any CPU.ActiveCfg = Release|Any CPU
		{575EA51A-0368-4729-8D88-464F2A90A120}.Release|Any CPU.Build.0 = Release|Any CPU
		{575EA51A-0368-4729-8D88-464F2A90A120}.Release|x64.ActiveCfg = Release|Any CPU
		{575EA51A-0368-4729-8D88-464F2A90A120}.Release|x64.Build.0 = Release|Any CPU
		{575EA51A-0368-4729-8D88-464F2A90A120}.Release|x86.ActiveCfg = Release|Any CPU
		{575EA51A-0368-4729-8D88-464F2A90A120}.Release|x86.Build.0 = Release|Any CPU
		{6B09E789-1F16-4173-9316-378B462C8CF5}.Debug|Any CPU.ActiveCfg = Debug|Any CPU
		{6B09E789-1F16-4173-9316-378B462C8CF5}.Debug|Any CPU.Build.0 = Debug|Any CPU
		{6B09E789-1F16-4173-9316-378B462C8CF5}.Debug|x64.ActiveCfg = Debug|Any CPU
		{6B09E789-1F16-4173-9316-378B462C8CF5}.Debug|x64.Build.0 = Debug|Any CPU
		{6B09E789-1F16-4173-9316-378B462C8CF5}.Debug|x86.ActiveCfg = Debug|Any CPU
		{6B09E789-1F16-4173-9316-378B462C8CF5}.Debug|x86.Build.0 = Debug|Any CPU
		{6B09E789-1F16-4173-9316-378B462C8CF5}.Release|Any CPU.ActiveCfg = Release|Any CPU
		{6B09E789-1F16-4173-9316-378B462C8CF5}.Release|Any CPU.Build.0 = Release|Any CPU
		{6B09E789-1F16-4173-9316-378B462C8CF5}.Release|x64.ActiveCfg = Release|Any CPU
		{6B09E789-1F16-4173-9316-378B462C8CF5}.Release|x64.Build.0 = Release|Any CPU
		{6B09E789-1F16-4173-9316-378B462C8CF5}.Release|x86.ActiveCfg = Release|Any CPU
		{6B09E789-1F16-4173-9316-378B462C8CF5}.Release|x86.Build.0 = Release|Any CPU
	EndGlobalSection
	GlobalSection(SolutionProperties) = preSolution
		HideSolutionNode = FALSE
	EndGlobalSection
	GlobalSection(NestedProjects) = preSolution
		{8F24DB20-97A3-5C9A-FC1B-8CEA0608774B} = {827E0CD3-B72D-47B6-A68D-7590B98EB39B}
		{7A3F7B9F-852F-4726-95F3-320BB135CA1E} = {8F24DB20-97A3-5C9A-FC1B-8CEA0608774B}
		{FC085D22-BD27-4F6D-AED2-2463C992598D} = {8F24DB20-97A3-5C9A-FC1B-8CEA0608774B}
		{599C94E8-4E60-44C9-8B30-5C2DD3AC7B46} = {8F24DB20-97A3-5C9A-FC1B-8CEA0608774B}
		{54A7DF03-7057-FDE0-568E-4BB27DCB4AA0} = {827E0CD3-B72D-47B6-A68D-7590B98EB39B}
		{D6AEED53-E4DA-4339-B7CA-F3C29BAB40A1} = {54A7DF03-7057-FDE0-568E-4BB27DCB4AA0}
		{58CE5654-0F01-460A-A90D-FBFF51AAF206} = {54A7DF03-7057-FDE0-568E-4BB27DCB4AA0}
		{8D4F117E-B162-4467-A80D-72F25AAFC474} = {54A7DF03-7057-FDE0-568E-4BB27DCB4AA0}
		{B5512AA7-7B9B-1802-74DB-5DED17EB80F5} = {827E0CD3-B72D-47B6-A68D-7590B98EB39B}
		{DF8B601F-7DB1-471F-98B0-B8D892E71CEE} = {B5512AA7-7B9B-1802-74DB-5DED17EB80F5}
		{EE8B2D90-EC7A-48E2-105A-D867B637D563} = {827E0CD3-B72D-47B6-A68D-7590B98EB39B}
		{4BB2D7D1-1E75-4118-963A-6F24388B598F} = {EE8B2D90-EC7A-48E2-105A-D867B637D563}
		{C743754F-E73F-4460-BE79-E5CDD2439D3E} = {EE8B2D90-EC7A-48E2-105A-D867B637D563}
		{DBFE53E2-B902-4758-82F4-E566D9FE12D2} = {EE8B2D90-EC7A-48E2-105A-D867B637D563}
		{C13E73B6-616D-3195-CD22-1E55A7D1F969} = {827E0CD3-B72D-47B6-A68D-7590B98EB39B}
		{575EA51A-0368-4729-8D88-464F2A90A120} = {C13E73B6-616D-3195-CD22-1E55A7D1F969}
		{6B09E789-1F16-4173-9316-378B462C8CF5} = {C13E73B6-616D-3195-CD22-1E55A7D1F969}
	EndGlobalSection
EndGlobal
